
Microsoft Visual Studio Solution File, Format Version 12.00
# Visual Studio Version 17
VisualStudioVersion = 17.13.35913.81 d17.13
MinimumVisualStudioVersion = 10.0.40219.1
Project("{FAE04EC0-301F-11D3-BF4B-00C04F79EFBC}") = "WeightPlatesCalculatorLibrary", "WeightPlatesCalculatorLibrary\WeightPlatesCalculatorLibrary.csproj", "{4D9594FF-897D-44E7-A79A-BCB4D79B2D46}"
EndProject
Global
	GlobalSection(SolutionConfigurationPlatforms) = preSolution
		Debug|Any CPU = Debug|Any CPU
		Release|Any CPU = Release|Any CPU
	EndGlobalSection
	GlobalSection(ProjectConfigurationPlatforms) = postSolution
		{4D9594FF-897D-44E7-A79A-BCB4D79B2D46}.Debug|Any CPU.ActiveCfg = Debug|Any CPU
		{4D9594FF-897D-44E7-A79A-BCB4D79B2D46}.Debug|Any CPU.Build.0 = Debug|Any CPU
		{4D9594FF-897D-44E7-A79A-BCB4D79B2D46}.Release|Any CPU.ActiveCfg = Release|Any CPU
		{4D9594FF-897D-44E7-A79A-BCB4D79B2D46}.Release|Any CPU.Build.0 = Release|Any CPU
	EndGlobalSection
	GlobalSection(SolutionProperties) = preSolution
		HideSolutionNode = FALSE
	EndGlobalSection
	GlobalSection(ExtensibilityGlobals) = postSolution
		SolutionGuid = {76558E74-3B79-4FFC-AEFA-50372F5A19A5}
	EndGlobalSection
EndGlobal
